
Microsoft Visual Studio Solution File, Format Version 12.00
# Visual Studio Version 16
VisualStudioVersion = 16.0.810.7
MinimumVisualStudioVersion = 10.0.40219.1
Project("{FAE04EC0-301F-11D3-BF4B-00C04F79EFBC}") = "CST-326-CLC", "CST-326-CLC.csproj", "{6FBAFCD6-1CF9-4696-8DDB-6330664C42AD}"
EndProject
Global
	GlobalSection(SolutionConfigurationPlatforms) = preSolution
		Debug|Any CPU = Debug|Any CPU
		Release|Any CPU = Release|Any CPU
	EndGlobalSection
	GlobalSection(ProjectConfigurationPlatforms) = postSolution
		{6FBAFCD6-1CF9-4696-8DDB-6330664C42AD}.Debug|Any CPU.ActiveCfg = Debug|Any CPU
		{6FBAFCD6-1CF9-4696-8DDB-6330664C42AD}.Debug|Any CPU.Build.0 = Debug|Any CPU
		{6FBAFCD6-1CF9-4696-8DDB-6330664C42AD}.Release|Any CPU.ActiveCfg = Release|Any CPU
		{6FBAFCD6-1CF9-4696-8DDB-6330664C42AD}.Release|Any CPU.Build.0 = Release|Any CPU
	EndGlobalSection
	GlobalSection(SolutionProperties) = preSolution
		HideSolutionNode = FALSE
	EndGlobalSection
	GlobalSection(ExtensibilityGlobals) = postSolution
		SolutionGuid = {600A5CB7-E5FD-485A-A559-070ADF45A923}
	EndGlobalSection
EndGlobal
